// !$*UTF8*$!
{
	archiveVersion = 1;
	classes = {
	};
	objectVersion = 51;
	objects = {

/* Begin PBXBuildFile section */
		1F0825EE23C3CB9000E9FBAC /* AppDelegate.swift in Sources */ = {isa = PBXBuildFile; fileRef = 1F0825ED23C3CB9000E9FBAC /* AppDelegate.swift */; };
		1F0825F023C3CB9000E9FBAC /* SceneDelegate.swift in Sources */ = {isa = PBXBuildFile; fileRef = 1F0825EF23C3CB9000E9FBAC /* SceneDelegate.swift */; };
		1F0825F223C3CB9000E9FBAC /* ViewController.swift in Sources */ = {isa = PBXBuildFile; fileRef = 1F0825F123C3CB9000E9FBAC /* ViewController.swift */; };
		1F0825F523C3CB9000E9FBAC /* Main.storyboard in Resources */ = {isa = PBXBuildFile; fileRef = 1F0825F323C3CB9000E9FBAC /* Main.storyboard */; };
		1F0825F823C3CB9000E9FBAC /* movie_app.xcdatamodeld in Sources */ = {isa = PBXBuildFile; fileRef = 1F0825F623C3CB9000E9FBAC /* movie_app.xcdatamodeld */; };
		1F0825FA23C3CB9000E9FBAC /* Assets.xcassets in Resources */ = {isa = PBXBuildFile; fileRef = 1F0825F923C3CB9000E9FBAC /* Assets.xcassets */; };
		1F0825FD23C3CB9000E9FBAC /* LaunchScreen.storyboard in Resources */ = {isa = PBXBuildFile; fileRef = 1F0825FB23C3CB9000E9FBAC /* LaunchScreen.storyboard */; };
		1F08261323C3CB9000E9FBAC /* movie_appUITests.swift in Sources */ = {isa = PBXBuildFile; fileRef = 1F08261223C3CB9000E9FBAC /* movie_appUITests.swift */; };
		1F08266623C5081200E9FBAC /* Movies.storyboard in Resources */ = {isa = PBXBuildFile; fileRef = 1F08266523C5081200E9FBAC /* Movies.storyboard */; };
		1F08266823C5081F00E9FBAC /* Favorites.storyboard in Resources */ = {isa = PBXBuildFile; fileRef = 1F08266723C5081F00E9FBAC /* Favorites.storyboard */; };
		1F08266C23C50CE400E9FBAC /* UIColor + Extensions.swift in Sources */ = {isa = PBXBuildFile; fileRef = 1F08266B23C50CE400E9FBAC /* UIColor + Extensions.swift */; };
		1F08266E23C5178B00E9FBAC /* FavoritesViewController.swift in Sources */ = {isa = PBXBuildFile; fileRef = 1F08266D23C5178B00E9FBAC /* FavoritesViewController.swift */; };
		1F08267023C546F800E9FBAC /* MoviesViewController.swift in Sources */ = {isa = PBXBuildFile; fileRef = 1F08266F23C546F800E9FBAC /* MoviesViewController.swift */; };
		1F08268B23C7CBE800E9FBAC /* MoviesCollectionViewCell.swift in Sources */ = {isa = PBXBuildFile; fileRef = 1F08268A23C7CBE800E9FBAC /* MoviesCollectionViewCell.swift */; };
		1F08268D23C8CAF900E9FBAC /* MoviesDataProvider.swift in Sources */ = {isa = PBXBuildFile; fileRef = 1F08268C23C8CAF900E9FBAC /* MoviesDataProvider.swift */; };
		1F08268F23C8CE7300E9FBAC /* Movies.swift in Sources */ = {isa = PBXBuildFile; fileRef = 1F08268E23C8CE7300E9FBAC /* Movies.swift */; };
		1F08269123C8CE8A00E9FBAC /* MoviesController.swift in Sources */ = {isa = PBXBuildFile; fileRef = 1F08269023C8CE8A00E9FBAC /* MoviesController.swift */; };
		1F08269323C9027500E9FBAC /* DetailsViewController.swift in Sources */ = {isa = PBXBuildFile; fileRef = 1F08269223C9027500E9FBAC /* DetailsViewController.swift */; };
		1F1949EE23CD38C5001A9038 /* MoviesControllerMocks.swift in Sources */ = {isa = PBXBuildFile; fileRef = 1F1949ED23CD38C5001A9038 /* MoviesControllerMocks.swift */; };
		1F194A1223CD53B2001A9038 /* MoviesControllerTests.swift in Sources */ = {isa = PBXBuildFile; fileRef = 1F194A1123CD53B2001A9038 /* MoviesControllerTests.swift */; };
		1F194A1423CD5446001A9038 /* MoviesViewControllerTests.swift in Sources */ = {isa = PBXBuildFile; fileRef = 1F194A1323CD5446001A9038 /* MoviesViewControllerTests.swift */; };
		1F194A1623CD6876001A9038 /* MoviesViewControllerMocks.swift in Sources */ = {isa = PBXBuildFile; fileRef = 1F194A1523CD6875001A9038 /* MoviesViewControllerMocks.swift */; };
		1F7FF5BA23CC0E1100D87240 /* RequestManager.swift in Sources */ = {isa = PBXBuildFile; fileRef = 1F7FF5B923CC0E1100D87240 /* RequestManager.swift */; };
		1F7FF5BD23CC0E4F00D87240 /* MockingURLProtocol.swift in Sources */ = {isa = PBXBuildFile; fileRef = 1F7FF5BC23CC0E4F00D87240 /* MockingURLProtocol.swift */; };
		1F7FF5C223CCD4CA00D87240 /* ImageTableViewCell.swift in Sources */ = {isa = PBXBuildFile; fileRef = 1F7FF5C123CCD4CA00D87240 /* ImageTableViewCell.swift */; };
		1F7FF5C423CCD65400D87240 /* DescriptionTableViewCell.swift in Sources */ = {isa = PBXBuildFile; fileRef = 1F7FF5C323CCD65400D87240 /* DescriptionTableViewCell.swift */; };
		1F7FF5C623CCDDFE00D87240 /* UITableViewCell + Extensions.swift in Sources */ = {isa = PBXBuildFile; fileRef = 1F7FF5C523CCDDFE00D87240 /* UITableViewCell + Extensions.swift */; };
		1F7FF5C823CD1BC300D87240 /* UICollectionViewCell + Extension.swift in Sources */ = {isa = PBXBuildFile; fileRef = 1F7FF5C723CD1BC300D87240 /* UICollectionViewCell + Extension.swift */; };
		306AC6F18043E718FDD732D7 /* Pods_movie_app_movie_appUITests.framework in Frameworks */ = {isa = PBXBuildFile; fileRef = E88DF18F8E7AC3B94A6B7656 /* Pods_movie_app_movie_appUITests.framework */; };
		D01E51EC9A1D25DD2F96FC0F /* Pods_movie_app.framework in Frameworks */ = {isa = PBXBuildFile; fileRef = 50C0EA38E56C4AF9D38745FF /* Pods_movie_app.framework */; };
/* End PBXBuildFile section */

/* Begin PBXContainerItemProxy section */
		1F08260F23C3CB9000E9FBAC /* PBXContainerItemProxy */ = {
			isa = PBXContainerItemProxy;
			containerPortal = 1F0825E223C3CB8F00E9FBAC /* Project object */;
			proxyType = 1;
			remoteGlobalIDString = 1F0825E923C3CB9000E9FBAC;
			remoteInfo = movie_app;
		};
		1F194A0C23CD5391001A9038 /* PBXContainerItemProxy */ = {
			isa = PBXContainerItemProxy;
			containerPortal = 1F0825E223C3CB8F00E9FBAC /* Project object */;
			proxyType = 1;
			remoteGlobalIDString = 1F0825E923C3CB9000E9FBAC;
			remoteInfo = movie_app;
		};
/* End PBXContainerItemProxy section */

/* Begin PBXFileReference section */
		00D41D343A016E131D54D674 /* Pods_movie_appTests.framework */ = {isa = PBXFileReference; explicitFileType = wrapper.framework; includeInIndex = 0; path = Pods_movie_appTests.framework; sourceTree = BUILT_PRODUCTS_DIR; };
		026C1B2AFDEBB8C85442FD5E /* Pods-movie_appTests.debug.xcconfig */ = {isa = PBXFileReference; includeInIndex = 1; lastKnownFileType = text.xcconfig; name = "Pods-movie_appTests.debug.xcconfig"; path = "Target Support Files/Pods-movie_appTests/Pods-movie_appTests.debug.xcconfig"; sourceTree = "<group>"; };
		1F0825EA23C3CB9000E9FBAC /* Movs.app */ = {isa = PBXFileReference; explicitFileType = wrapper.application; includeInIndex = 0; path = Movs.app; sourceTree = BUILT_PRODUCTS_DIR; };
		1F0825ED23C3CB9000E9FBAC /* AppDelegate.swift */ = {isa = PBXFileReference; lastKnownFileType = sourcecode.swift; path = AppDelegate.swift; sourceTree = "<group>"; };
		1F0825EF23C3CB9000E9FBAC /* SceneDelegate.swift */ = {isa = PBXFileReference; lastKnownFileType = sourcecode.swift; path = SceneDelegate.swift; sourceTree = "<group>"; };
		1F0825F123C3CB9000E9FBAC /* ViewController.swift */ = {isa = PBXFileReference; lastKnownFileType = sourcecode.swift; path = ViewController.swift; sourceTree = "<group>"; };
		1F0825F423C3CB9000E9FBAC /* Base */ = {isa = PBXFileReference; lastKnownFileType = file.storyboard; name = Base; path = Base.lproj/Main.storyboard; sourceTree = "<group>"; };
		1F0825F723C3CB9000E9FBAC /* movie_app.xcdatamodel */ = {isa = PBXFileReference; lastKnownFileType = wrapper.xcdatamodel; path = movie_app.xcdatamodel; sourceTree = "<group>"; };
		1F0825F923C3CB9000E9FBAC /* Assets.xcassets */ = {isa = PBXFileReference; lastKnownFileType = folder.assetcatalog; path = Assets.xcassets; sourceTree = "<group>"; };
		1F0825FC23C3CB9000E9FBAC /* Base */ = {isa = PBXFileReference; lastKnownFileType = file.storyboard; name = Base; path = Base.lproj/LaunchScreen.storyboard; sourceTree = "<group>"; };
		1F0825FE23C3CB9000E9FBAC /* Info.plist */ = {isa = PBXFileReference; lastKnownFileType = text.plist.xml; path = Info.plist; sourceTree = "<group>"; };
		1F08260E23C3CB9000E9FBAC /* movie_appUITests.xctest */ = {isa = PBXFileReference; explicitFileType = wrapper.cfbundle; includeInIndex = 0; path = movie_appUITests.xctest; sourceTree = BUILT_PRODUCTS_DIR; };
		1F08261223C3CB9000E9FBAC /* movie_appUITests.swift */ = {isa = PBXFileReference; lastKnownFileType = sourcecode.swift; path = movie_appUITests.swift; sourceTree = "<group>"; };
		1F08261423C3CB9000E9FBAC /* Info.plist */ = {isa = PBXFileReference; lastKnownFileType = text.plist.xml; path = Info.plist; sourceTree = "<group>"; };
		1F08266523C5081200E9FBAC /* Movies.storyboard */ = {isa = PBXFileReference; lastKnownFileType = file.storyboard; path = Movies.storyboard; sourceTree = "<group>"; };
		1F08266723C5081F00E9FBAC /* Favorites.storyboard */ = {isa = PBXFileReference; lastKnownFileType = file.storyboard; path = Favorites.storyboard; sourceTree = "<group>"; };
		1F08266B23C50CE400E9FBAC /* UIColor + Extensions.swift */ = {isa = PBXFileReference; lastKnownFileType = sourcecode.swift; path = "UIColor + Extensions.swift"; sourceTree = "<group>"; };
		1F08266D23C5178B00E9FBAC /* FavoritesViewController.swift */ = {isa = PBXFileReference; lastKnownFileType = sourcecode.swift; path = FavoritesViewController.swift; sourceTree = "<group>"; };
		1F08266F23C546F800E9FBAC /* MoviesViewController.swift */ = {isa = PBXFileReference; lastKnownFileType = sourcecode.swift; path = MoviesViewController.swift; sourceTree = "<group>"; };
		1F08268A23C7CBE800E9FBAC /* MoviesCollectionViewCell.swift */ = {isa = PBXFileReference; lastKnownFileType = sourcecode.swift; path = MoviesCollectionViewCell.swift; sourceTree = "<group>"; };
		1F08268C23C8CAF900E9FBAC /* MoviesDataProvider.swift */ = {isa = PBXFileReference; lastKnownFileType = sourcecode.swift; path = MoviesDataProvider.swift; sourceTree = "<group>"; };
		1F08268E23C8CE7300E9FBAC /* Movies.swift */ = {isa = PBXFileReference; lastKnownFileType = sourcecode.swift; path = Movies.swift; sourceTree = "<group>"; };
		1F08269023C8CE8A00E9FBAC /* MoviesController.swift */ = {isa = PBXFileReference; lastKnownFileType = sourcecode.swift; path = MoviesController.swift; sourceTree = "<group>"; };
		1F08269223C9027500E9FBAC /* DetailsViewController.swift */ = {isa = PBXFileReference; lastKnownFileType = sourcecode.swift; path = DetailsViewController.swift; sourceTree = "<group>"; };
		1F1949ED23CD38C5001A9038 /* MoviesControllerMocks.swift */ = {isa = PBXFileReference; lastKnownFileType = sourcecode.swift; path = MoviesControllerMocks.swift; sourceTree = "<group>"; };
		1F194A0723CD5391001A9038 /* movie_appTests.xctest */ = {isa = PBXFileReference; explicitFileType = wrapper.cfbundle; includeInIndex = 0; path = movie_appTests.xctest; sourceTree = BUILT_PRODUCTS_DIR; };
		1F194A0B23CD5391001A9038 /* Info.plist */ = {isa = PBXFileReference; lastKnownFileType = text.plist.xml; path = Info.plist; sourceTree = "<group>"; };
		1F194A1123CD53B2001A9038 /* MoviesControllerTests.swift */ = {isa = PBXFileReference; lastKnownFileType = sourcecode.swift; path = MoviesControllerTests.swift; sourceTree = "<group>"; };
		1F194A1323CD5446001A9038 /* MoviesViewControllerTests.swift */ = {isa = PBXFileReference; lastKnownFileType = sourcecode.swift; path = MoviesViewControllerTests.swift; sourceTree = "<group>"; };
		1F194A1523CD6875001A9038 /* MoviesViewControllerMocks.swift */ = {isa = PBXFileReference; lastKnownFileType = sourcecode.swift; path = MoviesViewControllerMocks.swift; sourceTree = "<group>"; };
		1F7FF5B923CC0E1100D87240 /* RequestManager.swift */ = {isa = PBXFileReference; lastKnownFileType = sourcecode.swift; path = RequestManager.swift; sourceTree = "<group>"; };
		1F7FF5BC23CC0E4F00D87240 /* MockingURLProtocol.swift */ = {isa = PBXFileReference; lastKnownFileType = sourcecode.swift; path = MockingURLProtocol.swift; sourceTree = "<group>"; };
		1F7FF5C123CCD4CA00D87240 /* ImageTableViewCell.swift */ = {isa = PBXFileReference; lastKnownFileType = sourcecode.swift; path = ImageTableViewCell.swift; sourceTree = "<group>"; };
		1F7FF5C323CCD65400D87240 /* DescriptionTableViewCell.swift */ = {isa = PBXFileReference; lastKnownFileType = sourcecode.swift; path = DescriptionTableViewCell.swift; sourceTree = "<group>"; };
		1F7FF5C523CCDDFE00D87240 /* UITableViewCell + Extensions.swift */ = {isa = PBXFileReference; lastKnownFileType = sourcecode.swift; path = "UITableViewCell + Extensions.swift"; sourceTree = "<group>"; };
		1F7FF5C723CD1BC300D87240 /* UICollectionViewCell + Extension.swift */ = {isa = PBXFileReference; lastKnownFileType = sourcecode.swift; path = "UICollectionViewCell + Extension.swift"; sourceTree = "<group>"; };
		3E680F469A9597288740D87D /* Pods-movie_app-movie_appUITests.release.xcconfig */ = {isa = PBXFileReference; includeInIndex = 1; lastKnownFileType = text.xcconfig; name = "Pods-movie_app-movie_appUITests.release.xcconfig"; path = "Target Support Files/Pods-movie_app-movie_appUITests/Pods-movie_app-movie_appUITests.release.xcconfig"; sourceTree = "<group>"; };
		50C0EA38E56C4AF9D38745FF /* Pods_movie_app.framework */ = {isa = PBXFileReference; explicitFileType = wrapper.framework; includeInIndex = 0; path = Pods_movie_app.framework; sourceTree = BUILT_PRODUCTS_DIR; };
		579BB8F2F7E2A9FC36BD2D4C /* Pods-movie_app.debug.xcconfig */ = {isa = PBXFileReference; includeInIndex = 1; lastKnownFileType = text.xcconfig; name = "Pods-movie_app.debug.xcconfig"; path = "Target Support Files/Pods-movie_app/Pods-movie_app.debug.xcconfig"; sourceTree = "<group>"; };
		6BEB573FBDB0A88C722BE4DA /* Pods-movie_app-movie_appUITests.debug.xcconfig */ = {isa = PBXFileReference; includeInIndex = 1; lastKnownFileType = text.xcconfig; name = "Pods-movie_app-movie_appUITests.debug.xcconfig"; path = "Target Support Files/Pods-movie_app-movie_appUITests/Pods-movie_app-movie_appUITests.debug.xcconfig"; sourceTree = "<group>"; };
		C352CEA1ED19DAAC78E466AC /* Pods-movie_app.release.xcconfig */ = {isa = PBXFileReference; includeInIndex = 1; lastKnownFileType = text.xcconfig; name = "Pods-movie_app.release.xcconfig"; path = "Target Support Files/Pods-movie_app/Pods-movie_app.release.xcconfig"; sourceTree = "<group>"; };
		E88DF18F8E7AC3B94A6B7656 /* Pods_movie_app_movie_appUITests.framework */ = {isa = PBXFileReference; explicitFileType = wrapper.framework; includeInIndex = 0; path = Pods_movie_app_movie_appUITests.framework; sourceTree = BUILT_PRODUCTS_DIR; };
		F7B2B355D824690B38AA25EC /* Pods-movie_appTests.release.xcconfig */ = {isa = PBXFileReference; includeInIndex = 1; lastKnownFileType = text.xcconfig; name = "Pods-movie_appTests.release.xcconfig"; path = "Target Support Files/Pods-movie_appTests/Pods-movie_appTests.release.xcconfig"; sourceTree = "<group>"; };
/* End PBXFileReference section */

/* Begin PBXFrameworksBuildPhase section */
		1F0825E723C3CB9000E9FBAC /* Frameworks */ = {
			isa = PBXFrameworksBuildPhase;
			buildActionMask = 2147483647;
			files = (
				D01E51EC9A1D25DD2F96FC0F /* Pods_movie_app.framework in Frameworks */,
			);
			runOnlyForDeploymentPostprocessing = 0;
		};
		1F08260B23C3CB9000E9FBAC /* Frameworks */ = {
			isa = PBXFrameworksBuildPhase;
			buildActionMask = 2147483647;
			files = (
				306AC6F18043E718FDD732D7 /* Pods_movie_app_movie_appUITests.framework in Frameworks */,
			);
			runOnlyForDeploymentPostprocessing = 0;
		};
		1F194A0423CD5391001A9038 /* Frameworks */ = {
			isa = PBXFrameworksBuildPhase;
			buildActionMask = 2147483647;
			files = (
			);
			runOnlyForDeploymentPostprocessing = 0;
		};
/* End PBXFrameworksBuildPhase section */

/* Begin PBXGroup section */
		10FB4961FA27882BF3F88946 /* Pods */ = {
			isa = PBXGroup;
			children = (
				579BB8F2F7E2A9FC36BD2D4C /* Pods-movie_app.debug.xcconfig */,
				C352CEA1ED19DAAC78E466AC /* Pods-movie_app.release.xcconfig */,
				6BEB573FBDB0A88C722BE4DA /* Pods-movie_app-movie_appUITests.debug.xcconfig */,
				3E680F469A9597288740D87D /* Pods-movie_app-movie_appUITests.release.xcconfig */,
				026C1B2AFDEBB8C85442FD5E /* Pods-movie_appTests.debug.xcconfig */,
				F7B2B355D824690B38AA25EC /* Pods-movie_appTests.release.xcconfig */,
			);
			path = Pods;
			sourceTree = "<group>";
		};
		1F0825E123C3CB8F00E9FBAC = {
			isa = PBXGroup;
			children = (
				1F0825EC23C3CB9000E9FBAC /* movie_app */,
				1F08261123C3CB9000E9FBAC /* movie_appUITests */,
				1F194A0823CD5391001A9038 /* movie_appTests */,
				1F0825EB23C3CB9000E9FBAC /* Products */,
				10FB4961FA27882BF3F88946 /* Pods */,
				6B5260BE3362D14DC3A11A5F /* Frameworks */,
			);
			sourceTree = "<group>";
		};
		1F0825EB23C3CB9000E9FBAC /* Products */ = {
			isa = PBXGroup;
			children = (
				1F0825EA23C3CB9000E9FBAC /* Movs.app */,
				1F08260E23C3CB9000E9FBAC /* movie_appUITests.xctest */,
				1F194A0723CD5391001A9038 /* movie_appTests.xctest */,
			);
			name = Products;
			sourceTree = "<group>";
		};
		1F0825EC23C3CB9000E9FBAC /* movie_app */ = {
			isa = PBXGroup;
			children = (
				1F7FF5BB23CC0E3700D87240 /* Mocks */,
				1F08262423C3CCCC00E9FBAC /* View */,
				1F08262223C3CC8800E9FBAC /* Model */,
				1F08262123C3CC7E00E9FBAC /* Controller */,
				1F08262023C3CC7300E9FBAC /* Networking */,
				1F08262523C3CCD400E9FBAC /* Helper */,
				1F0825ED23C3CB9000E9FBAC /* AppDelegate.swift */,
				1F0825EF23C3CB9000E9FBAC /* SceneDelegate.swift */,
				1F0825F923C3CB9000E9FBAC /* Assets.xcassets */,
				1F0825FB23C3CB9000E9FBAC /* LaunchScreen.storyboard */,
				1F0825FE23C3CB9000E9FBAC /* Info.plist */,
				1F0825F623C3CB9000E9FBAC /* movie_app.xcdatamodeld */,
			);
			path = movie_app;
			sourceTree = "<group>";
		};
		1F08261123C3CB9000E9FBAC /* movie_appUITests */ = {
			isa = PBXGroup;
			children = (
				1F08261223C3CB9000E9FBAC /* movie_appUITests.swift */,
				1F08261423C3CB9000E9FBAC /* Info.plist */,
			);
			path = movie_appUITests;
			sourceTree = "<group>";
		};
		1F08262023C3CC7300E9FBAC /* Networking */ = {
			isa = PBXGroup;
			children = (
				1F08268C23C8CAF900E9FBAC /* MoviesDataProvider.swift */,
				1F7FF5B923CC0E1100D87240 /* RequestManager.swift */,
			);
			path = Networking;
			sourceTree = "<group>";
		};
		1F08262123C3CC7E00E9FBAC /* Controller */ = {
			isa = PBXGroup;
			children = (
				1F08269023C8CE8A00E9FBAC /* MoviesController.swift */,
			);
			path = Controller;
			sourceTree = "<group>";
		};
		1F08262223C3CC8800E9FBAC /* Model */ = {
			isa = PBXGroup;
			children = (
				1F08268E23C8CE7300E9FBAC /* Movies.swift */,
			);
			path = Model;
			sourceTree = "<group>";
		};
		1F08262423C3CCCC00E9FBAC /* View */ = {
			isa = PBXGroup;
			children = (
				1F0825F323C3CB9000E9FBAC /* Main.storyboard */,
				1F0825F123C3CB9000E9FBAC /* ViewController.swift */,
				1F08266A23C50C8800E9FBAC /* Favorites */,
				1F08266923C50C7200E9FBAC /* Movies */,
			);
			path = View;
			sourceTree = "<group>";
		};
		1F08262523C3CCD400E9FBAC /* Helper */ = {
			isa = PBXGroup;
			children = (
				1F08266B23C50CE400E9FBAC /* UIColor + Extensions.swift */,
				1F7FF5C523CCDDFE00D87240 /* UITableViewCell + Extensions.swift */,
				1F7FF5C723CD1BC300D87240 /* UICollectionViewCell + Extension.swift */,
			);
			path = Helper;
			sourceTree = "<group>";
		};
		1F08266923C50C7200E9FBAC /* Movies */ = {
			isa = PBXGroup;
			children = (
				1F08266523C5081200E9FBAC /* Movies.storyboard */,
				1F7FF5C923CD1DBA00D87240 /* Movies */,
				1F7FF5CB23CD1DF100D87240 /* Details */,
			);
			path = Movies;
			sourceTree = "<group>";
		};
		1F08266A23C50C8800E9FBAC /* Favorites */ = {
			isa = PBXGroup;
			children = (
				1F08266723C5081F00E9FBAC /* Favorites.storyboard */,
				1F08266D23C5178B00E9FBAC /* FavoritesViewController.swift */,
			);
			path = Favorites;
			sourceTree = "<group>";
		};
		1F194A0823CD5391001A9038 /* movie_appTests */ = {
			isa = PBXGroup;
			children = (
				1F194A1123CD53B2001A9038 /* MoviesControllerTests.swift */,
				1F194A1323CD5446001A9038 /* MoviesViewControllerTests.swift */,
				1F194A0B23CD5391001A9038 /* Info.plist */,
			);
			path = movie_appTests;
			sourceTree = "<group>";
		};
		1F7FF5BB23CC0E3700D87240 /* Mocks */ = {
			isa = PBXGroup;
			children = (
				1F7FF5BC23CC0E4F00D87240 /* MockingURLProtocol.swift */,
				1F1949ED23CD38C5001A9038 /* MoviesControllerMocks.swift */,
				1F194A1523CD6875001A9038 /* MoviesViewControllerMocks.swift */,
			);
			path = Mocks;
			sourceTree = "<group>";
		};
		1F7FF5C923CD1DBA00D87240 /* Movies */ = {
			isa = PBXGroup;
			children = (
				1F08266F23C546F800E9FBAC /* MoviesViewController.swift */,
				1F7FF5CA23CD1DDB00D87240 /* Components */,
			);
			path = Movies;
			sourceTree = "<group>";
		};
		1F7FF5CA23CD1DDB00D87240 /* Components */ = {
			isa = PBXGroup;
			children = (
				1F08268A23C7CBE800E9FBAC /* MoviesCollectionViewCell.swift */,
			);
			path = Components;
			sourceTree = "<group>";
		};
		1F7FF5CB23CD1DF100D87240 /* Details */ = {
			isa = PBXGroup;
			children = (
				1F08269223C9027500E9FBAC /* DetailsViewController.swift */,
				1F7FF5CC23CD1E1000D87240 /* Components */,
			);
			path = Details;
			sourceTree = "<group>";
		};
		1F7FF5CC23CD1E1000D87240 /* Components */ = {
			isa = PBXGroup;
			children = (
				1F7FF5C123CCD4CA00D87240 /* ImageTableViewCell.swift */,
				1F7FF5C323CCD65400D87240 /* DescriptionTableViewCell.swift */,
			);
			path = Components;
			sourceTree = "<group>";
		};
		6B5260BE3362D14DC3A11A5F /* Frameworks */ = {
			isa = PBXGroup;
			children = (
				50C0EA38E56C4AF9D38745FF /* Pods_movie_app.framework */,
				E88DF18F8E7AC3B94A6B7656 /* Pods_movie_app_movie_appUITests.framework */,
				00D41D343A016E131D54D674 /* Pods_movie_appTests.framework */,
			);
			name = Frameworks;
			sourceTree = "<group>";
		};
/* End PBXGroup section */

/* Begin PBXNativeTarget section */
		1F0825E923C3CB9000E9FBAC /* movie_app */ = {
			isa = PBXNativeTarget;
			buildConfigurationList = 1F08261723C3CB9000E9FBAC /* Build configuration list for PBXNativeTarget "movie_app" */;
			buildPhases = (
				4BAC7095188808D0ED97253E /* [CP] Check Pods Manifest.lock */,
				1F0825E623C3CB9000E9FBAC /* Sources */,
				1F0825E723C3CB9000E9FBAC /* Frameworks */,
				1F0825E823C3CB9000E9FBAC /* Resources */,
				F62E71D5327E4EC1EDF40541 /* [CP] Embed Pods Frameworks */,
			);
			buildRules = (
			);
			dependencies = (
			);
			name = movie_app;
			productName = movie_app;
			productReference = 1F0825EA23C3CB9000E9FBAC /* Movs.app */;
			productType = "com.apple.product-type.application";
		};
		1F08260D23C3CB9000E9FBAC /* movie_appUITests */ = {
			isa = PBXNativeTarget;
			buildConfigurationList = 1F08261D23C3CB9000E9FBAC /* Build configuration list for PBXNativeTarget "movie_appUITests" */;
			buildPhases = (
				E66705D1C6765AC1638821B0 /* [CP] Check Pods Manifest.lock */,
				1F08260A23C3CB9000E9FBAC /* Sources */,
				1F08260B23C3CB9000E9FBAC /* Frameworks */,
				1F08260C23C3CB9000E9FBAC /* Resources */,
				E316E19B724E4A1E0BEC4666 /* [CP] Embed Pods Frameworks */,
			);
			buildRules = (
			);
			dependencies = (
				1F08261023C3CB9000E9FBAC /* PBXTargetDependency */,
			);
			name = movie_appUITests;
			productName = movie_appUITests;
			productReference = 1F08260E23C3CB9000E9FBAC /* movie_appUITests.xctest */;
			productType = "com.apple.product-type.bundle.ui-testing";
		};
		1F194A0623CD5391001A9038 /* movie_appTests */ = {
			isa = PBXNativeTarget;
			buildConfigurationList = 1F194A0E23CD5391001A9038 /* Build configuration list for PBXNativeTarget "movie_appTests" */;
			buildPhases = (
				1F194A0323CD5391001A9038 /* Sources */,
				1F194A0423CD5391001A9038 /* Frameworks */,
				1F194A0523CD5391001A9038 /* Resources */,
			);
			buildRules = (
			);
			dependencies = (
				1F194A0D23CD5391001A9038 /* PBXTargetDependency */,
			);
			name = movie_appTests;
			productName = movie_appTests;
			productReference = 1F194A0723CD5391001A9038 /* movie_appTests.xctest */;
			productType = "com.apple.product-type.bundle.unit-test";
		};
/* End PBXNativeTarget section */

/* Begin PBXProject section */
		1F0825E223C3CB8F00E9FBAC /* Project object */ = {
			isa = PBXProject;
			attributes = {
				LastSwiftUpdateCheck = 1130;
				LastUpgradeCheck = 1130;
				ORGANIZATIONNAME = "Marcela Limieri Tozzato";
				TargetAttributes = {
					1F0825E923C3CB9000E9FBAC = {
						CreatedOnToolsVersion = 11.3;
					};
					1F08260D23C3CB9000E9FBAC = {
						CreatedOnToolsVersion = 11.3;
						TestTargetID = 1F0825E923C3CB9000E9FBAC;
					};
					1F194A0623CD5391001A9038 = {
						CreatedOnToolsVersion = 11.3;
						TestTargetID = 1F0825E923C3CB9000E9FBAC;
					};
				};
			};
			buildConfigurationList = 1F0825E523C3CB8F00E9FBAC /* Build configuration list for PBXProject "movie_app" */;
			compatibilityVersion = "Xcode 9.3";
			developmentRegion = en;
			hasScannedForEncodings = 0;
			knownRegions = (
				en,
				Base,
			);
			mainGroup = 1F0825E123C3CB8F00E9FBAC;
			productRefGroup = 1F0825EB23C3CB9000E9FBAC /* Products */;
			projectDirPath = "";
			projectRoot = "";
			targets = (
				1F0825E923C3CB9000E9FBAC /* movie_app */,
				1F08260D23C3CB9000E9FBAC /* movie_appUITests */,
				1F194A0623CD5391001A9038 /* movie_appTests */,
			);
		};
/* End PBXProject section */

/* Begin PBXResourcesBuildPhase section */
		1F0825E823C3CB9000E9FBAC /* Resources */ = {
			isa = PBXResourcesBuildPhase;
			buildActionMask = 2147483647;
			files = (
				1F0825FD23C3CB9000E9FBAC /* LaunchScreen.storyboard in Resources */,
				1F0825FA23C3CB9000E9FBAC /* Assets.xcassets in Resources */,
				1F0825F523C3CB9000E9FBAC /* Main.storyboard in Resources */,
				1F08266623C5081200E9FBAC /* Movies.storyboard in Resources */,
				1F08266823C5081F00E9FBAC /* Favorites.storyboard in Resources */,
			);
			runOnlyForDeploymentPostprocessing = 0;
		};
		1F08260C23C3CB9000E9FBAC /* Resources */ = {
			isa = PBXResourcesBuildPhase;
			buildActionMask = 2147483647;
			files = (
			);
			runOnlyForDeploymentPostprocessing = 0;
		};
		1F194A0523CD5391001A9038 /* Resources */ = {
			isa = PBXResourcesBuildPhase;
			buildActionMask = 2147483647;
			files = (
			);
			runOnlyForDeploymentPostprocessing = 0;
		};
/* End PBXResourcesBuildPhase section */

/* Begin PBXShellScriptBuildPhase section */
		4BAC7095188808D0ED97253E /* [CP] Check Pods Manifest.lock */ = {
			isa = PBXShellScriptBuildPhase;
			buildActionMask = 2147483647;
			files = (
			);
			inputFileListPaths = (
			);
			inputPaths = (
				"${PODS_PODFILE_DIR_PATH}/Podfile.lock",
				"${PODS_ROOT}/Manifest.lock",
			);
			name = "[CP] Check Pods Manifest.lock";
			outputFileListPaths = (
			);
			outputPaths = (
				"$(DERIVED_FILE_DIR)/Pods-movie_app-checkManifestLockResult.txt",
			);
			runOnlyForDeploymentPostprocessing = 0;
			shellPath = /bin/sh;
			shellScript = "diff \"${PODS_PODFILE_DIR_PATH}/Podfile.lock\" \"${PODS_ROOT}/Manifest.lock\" > /dev/null\nif [ $? != 0 ] ; then\n    # print error to STDERR\n    echo \"error: The sandbox is not in sync with the Podfile.lock. Run 'pod install' or update your CocoaPods installation.\" >&2\n    exit 1\nfi\n# This output is used by Xcode 'outputs' to avoid re-running this script phase.\necho \"SUCCESS\" > \"${SCRIPT_OUTPUT_FILE_0}\"\n";
			showEnvVarsInLog = 0;
		};
		E316E19B724E4A1E0BEC4666 /* [CP] Embed Pods Frameworks */ = {
			isa = PBXShellScriptBuildPhase;
			buildActionMask = 2147483647;
			files = (
			);
			inputFileListPaths = (
				"${PODS_ROOT}/Target Support Files/Pods-movie_app-movie_appUITests/Pods-movie_app-movie_appUITests-frameworks-${CONFIGURATION}-input-files.xcfilelist",
			);
			name = "[CP] Embed Pods Frameworks";
			outputFileListPaths = (
				"${PODS_ROOT}/Target Support Files/Pods-movie_app-movie_appUITests/Pods-movie_app-movie_appUITests-frameworks-${CONFIGURATION}-output-files.xcfilelist",
			);
			runOnlyForDeploymentPostprocessing = 0;
			shellPath = /bin/sh;
			shellScript = "\"${PODS_ROOT}/Target Support Files/Pods-movie_app-movie_appUITests/Pods-movie_app-movie_appUITests-frameworks.sh\"\n";
			showEnvVarsInLog = 0;
		};
		E66705D1C6765AC1638821B0 /* [CP] Check Pods Manifest.lock */ = {
			isa = PBXShellScriptBuildPhase;
			buildActionMask = 2147483647;
			files = (
			);
			inputFileListPaths = (
			);
			inputPaths = (
				"${PODS_PODFILE_DIR_PATH}/Podfile.lock",
				"${PODS_ROOT}/Manifest.lock",
			);
			name = "[CP] Check Pods Manifest.lock";
			outputFileListPaths = (
			);
			outputPaths = (
				"$(DERIVED_FILE_DIR)/Pods-movie_app-movie_appUITests-checkManifestLockResult.txt",
			);
			runOnlyForDeploymentPostprocessing = 0;
			shellPath = /bin/sh;
			shellScript = "diff \"${PODS_PODFILE_DIR_PATH}/Podfile.lock\" \"${PODS_ROOT}/Manifest.lock\" > /dev/null\nif [ $? != 0 ] ; then\n    # print error to STDERR\n    echo \"error: The sandbox is not in sync with the Podfile.lock. Run 'pod install' or update your CocoaPods installation.\" >&2\n    exit 1\nfi\n# This output is used by Xcode 'outputs' to avoid re-running this script phase.\necho \"SUCCESS\" > \"${SCRIPT_OUTPUT_FILE_0}\"\n";
			showEnvVarsInLog = 0;
		};
		F62E71D5327E4EC1EDF40541 /* [CP] Embed Pods Frameworks */ = {
			isa = PBXShellScriptBuildPhase;
			buildActionMask = 2147483647;
			files = (
			);
			inputFileListPaths = (
				"${PODS_ROOT}/Target Support Files/Pods-movie_app/Pods-movie_app-frameworks-${CONFIGURATION}-input-files.xcfilelist",
			);
			name = "[CP] Embed Pods Frameworks";
			outputFileListPaths = (
				"${PODS_ROOT}/Target Support Files/Pods-movie_app/Pods-movie_app-frameworks-${CONFIGURATION}-output-files.xcfilelist",
			);
			runOnlyForDeploymentPostprocessing = 0;
			shellPath = /bin/sh;
			shellScript = "\"${PODS_ROOT}/Target Support Files/Pods-movie_app/Pods-movie_app-frameworks.sh\"\n";
			showEnvVarsInLog = 0;
		};
/* End PBXShellScriptBuildPhase section */

/* Begin PBXSourcesBuildPhase section */
		1F0825E623C3CB9000E9FBAC /* Sources */ = {
			isa = PBXSourcesBuildPhase;
			buildActionMask = 2147483647;
			files = (
				1F08268F23C8CE7300E9FBAC /* Movies.swift in Sources */,
				1F08266C23C50CE400E9FBAC /* UIColor + Extensions.swift in Sources */,
				1F1949EE23CD38C5001A9038 /* MoviesControllerMocks.swift in Sources */,
				1F194A1623CD6876001A9038 /* MoviesViewControllerMocks.swift in Sources */,
				1F7FF5C423CCD65400D87240 /* DescriptionTableViewCell.swift in Sources */,
				1F7FF5BA23CC0E1100D87240 /* RequestManager.swift in Sources */,
				1F0825F223C3CB9000E9FBAC /* ViewController.swift in Sources */,
				1F0825EE23C3CB9000E9FBAC /* AppDelegate.swift in Sources */,
				1F08268B23C7CBE800E9FBAC /* MoviesCollectionViewCell.swift in Sources */,
				1F7FF5C623CCDDFE00D87240 /* UITableViewCell + Extensions.swift in Sources */,
				1F0825F823C3CB9000E9FBAC /* movie_app.xcdatamodeld in Sources */,
				1F08268D23C8CAF900E9FBAC /* MoviesDataProvider.swift in Sources */,
				1F08266E23C5178B00E9FBAC /* FavoritesViewController.swift in Sources */,
				1F7FF5C223CCD4CA00D87240 /* ImageTableViewCell.swift in Sources */,
				1F08267023C546F800E9FBAC /* MoviesViewController.swift in Sources */,
				1F08269123C8CE8A00E9FBAC /* MoviesController.swift in Sources */,
				1F0825F023C3CB9000E9FBAC /* SceneDelegate.swift in Sources */,
				1F7FF5BD23CC0E4F00D87240 /* MockingURLProtocol.swift in Sources */,
				1F08269323C9027500E9FBAC /* DetailsViewController.swift in Sources */,
				1F7FF5C823CD1BC300D87240 /* UICollectionViewCell + Extension.swift in Sources */,
			);
			runOnlyForDeploymentPostprocessing = 0;
		};
		1F08260A23C3CB9000E9FBAC /* Sources */ = {
			isa = PBXSourcesBuildPhase;
			buildActionMask = 2147483647;
			files = (
				1F08261323C3CB9000E9FBAC /* movie_appUITests.swift in Sources */,
			);
			runOnlyForDeploymentPostprocessing = 0;
		};
		1F194A0323CD5391001A9038 /* Sources */ = {
			isa = PBXSourcesBuildPhase;
			buildActionMask = 2147483647;
			files = (
				1F194A1223CD53B2001A9038 /* MoviesControllerTests.swift in Sources */,
				1F194A1423CD5446001A9038 /* MoviesViewControllerTests.swift in Sources */,
			);
			runOnlyForDeploymentPostprocessing = 0;
		};
/* End PBXSourcesBuildPhase section */

/* Begin PBXTargetDependency section */
		1F08261023C3CB9000E9FBAC /* PBXTargetDependency */ = {
			isa = PBXTargetDependency;
			target = 1F0825E923C3CB9000E9FBAC /* movie_app */;
			targetProxy = 1F08260F23C3CB9000E9FBAC /* PBXContainerItemProxy */;
		};
		1F194A0D23CD5391001A9038 /* PBXTargetDependency */ = {
			isa = PBXTargetDependency;
			target = 1F0825E923C3CB9000E9FBAC /* movie_app */;
			targetProxy = 1F194A0C23CD5391001A9038 /* PBXContainerItemProxy */;
		};
/* End PBXTargetDependency section */

/* Begin PBXVariantGroup section */
		1F0825F323C3CB9000E9FBAC /* Main.storyboard */ = {
			isa = PBXVariantGroup;
			children = (
				1F0825F423C3CB9000E9FBAC /* Base */,
			);
			name = Main.storyboard;
			sourceTree = "<group>";
		};
		1F0825FB23C3CB9000E9FBAC /* LaunchScreen.storyboard */ = {
			isa = PBXVariantGroup;
			children = (
				1F0825FC23C3CB9000E9FBAC /* Base */,
			);
			name = LaunchScreen.storyboard;
			sourceTree = "<group>";
		};
/* End PBXVariantGroup section */

/* Begin XCBuildConfiguration section */
		1F08261523C3CB9000E9FBAC /* Debug */ = {
			isa = XCBuildConfiguration;
			buildSettings = {
				ALWAYS_SEARCH_USER_PATHS = NO;
				CLANG_ANALYZER_NONNULL = YES;
				CLANG_ANALYZER_NUMBER_OBJECT_CONVERSION = YES_AGGRESSIVE;
				CLANG_CXX_LANGUAGE_STANDARD = "gnu++14";
				CLANG_CXX_LIBRARY = "libc++";
				CLANG_ENABLE_MODULES = YES;
				CLANG_ENABLE_OBJC_ARC = YES;
				CLANG_ENABLE_OBJC_WEAK = YES;
				CLANG_WARN_BLOCK_CAPTURE_AUTORELEASING = YES;
				CLANG_WARN_BOOL_CONVERSION = YES;
				CLANG_WARN_COMMA = YES;
				CLANG_WARN_CONSTANT_CONVERSION = YES;
				CLANG_WARN_DEPRECATED_OBJC_IMPLEMENTATIONS = YES;
				CLANG_WARN_DIRECT_OBJC_ISA_USAGE = YES_ERROR;
				CLANG_WARN_DOCUMENTATION_COMMENTS = YES;
				CLANG_WARN_EMPTY_BODY = YES;
				CLANG_WARN_ENUM_CONVERSION = YES;
				CLANG_WARN_INFINITE_RECURSION = YES;
				CLANG_WARN_INT_CONVERSION = YES;
				CLANG_WARN_NON_LITERAL_NULL_CONVERSION = YES;
				CLANG_WARN_OBJC_IMPLICIT_RETAIN_SELF = YES;
				CLANG_WARN_OBJC_LITERAL_CONVERSION = YES;
				CLANG_WARN_OBJC_ROOT_CLASS = YES_ERROR;
				CLANG_WARN_RANGE_LOOP_ANALYSIS = YES;
				CLANG_WARN_STRICT_PROTOTYPES = YES;
				CLANG_WARN_SUSPICIOUS_MOVE = YES;
				CLANG_WARN_UNGUARDED_AVAILABILITY = YES_AGGRESSIVE;
				CLANG_WARN_UNREACHABLE_CODE = YES;
				CLANG_WARN__DUPLICATE_METHOD_MATCH = YES;
				COPY_PHASE_STRIP = NO;
				DEBUG_INFORMATION_FORMAT = dwarf;
				ENABLE_STRICT_OBJC_MSGSEND = YES;
				ENABLE_TESTABILITY = YES;
				GCC_C_LANGUAGE_STANDARD = gnu11;
				GCC_DYNAMIC_NO_PIC = NO;
				GCC_NO_COMMON_BLOCKS = YES;
				GCC_OPTIMIZATION_LEVEL = 0;
				GCC_PREPROCESSOR_DEFINITIONS = (
					"DEBUG=1",
					"$(inherited)",
				);
				GCC_WARN_64_TO_32_BIT_CONVERSION = YES;
				GCC_WARN_ABOUT_RETURN_TYPE = YES_ERROR;
				GCC_WARN_UNDECLARED_SELECTOR = YES;
				GCC_WARN_UNINITIALIZED_AUTOS = YES_AGGRESSIVE;
				GCC_WARN_UNUSED_FUNCTION = YES;
				GCC_WARN_UNUSED_VARIABLE = YES;
				IPHONEOS_DEPLOYMENT_TARGET = 13.2;
				MTL_ENABLE_DEBUG_INFO = INCLUDE_SOURCE;
				MTL_FAST_MATH = YES;
				ONLY_ACTIVE_ARCH = YES;
				SDKROOT = iphoneos;
				SWIFT_ACTIVE_COMPILATION_CONDITIONS = DEBUG;
				SWIFT_OPTIMIZATION_LEVEL = "-Onone";
			};
			name = Debug;
		};
		1F08261623C3CB9000E9FBAC /* Release */ = {
			isa = XCBuildConfiguration;
			buildSettings = {
				ALWAYS_SEARCH_USER_PATHS = NO;
				CLANG_ANALYZER_NONNULL = YES;
				CLANG_ANALYZER_NUMBER_OBJECT_CONVERSION = YES_AGGRESSIVE;
				CLANG_CXX_LANGUAGE_STANDARD = "gnu++14";
				CLANG_CXX_LIBRARY = "libc++";
				CLANG_ENABLE_MODULES = YES;
				CLANG_ENABLE_OBJC_ARC = YES;
				CLANG_ENABLE_OBJC_WEAK = YES;
				CLANG_WARN_BLOCK_CAPTURE_AUTORELEASING = YES;
				CLANG_WARN_BOOL_CONVERSION = YES;
				CLANG_WARN_COMMA = YES;
				CLANG_WARN_CONSTANT_CONVERSION = YES;
				CLANG_WARN_DEPRECATED_OBJC_IMPLEMENTATIONS = YES;
				CLANG_WARN_DIRECT_OBJC_ISA_USAGE = YES_ERROR;
				CLANG_WARN_DOCUMENTATION_COMMENTS = YES;
				CLANG_WARN_EMPTY_BODY = YES;
				CLANG_WARN_ENUM_CONVERSION = YES;
				CLANG_WARN_INFINITE_RECURSION = YES;
				CLANG_WARN_INT_CONVERSION = YES;
				CLANG_WARN_NON_LITERAL_NULL_CONVERSION = YES;
				CLANG_WARN_OBJC_IMPLICIT_RETAIN_SELF = YES;
				CLANG_WARN_OBJC_LITERAL_CONVERSION = YES;
				CLANG_WARN_OBJC_ROOT_CLASS = YES_ERROR;
				CLANG_WARN_RANGE_LOOP_ANALYSIS = YES;
				CLANG_WARN_STRICT_PROTOTYPES = YES;
				CLANG_WARN_SUSPICIOUS_MOVE = YES;
				CLANG_WARN_UNGUARDED_AVAILABILITY = YES_AGGRESSIVE;
				CLANG_WARN_UNREACHABLE_CODE = YES;
				CLANG_WARN__DUPLICATE_METHOD_MATCH = YES;
				COPY_PHASE_STRIP = NO;
				DEBUG_INFORMATION_FORMAT = "dwarf-with-dsym";
				ENABLE_NS_ASSERTIONS = NO;
				ENABLE_STRICT_OBJC_MSGSEND = YES;
				GCC_C_LANGUAGE_STANDARD = gnu11;
				GCC_NO_COMMON_BLOCKS = YES;
				GCC_WARN_64_TO_32_BIT_CONVERSION = YES;
				GCC_WARN_ABOUT_RETURN_TYPE = YES_ERROR;
				GCC_WARN_UNDECLARED_SELECTOR = YES;
				GCC_WARN_UNINITIALIZED_AUTOS = YES_AGGRESSIVE;
				GCC_WARN_UNUSED_FUNCTION = YES;
				GCC_WARN_UNUSED_VARIABLE = YES;
				IPHONEOS_DEPLOYMENT_TARGET = 13.2;
				MTL_ENABLE_DEBUG_INFO = NO;
				MTL_FAST_MATH = YES;
				SDKROOT = iphoneos;
				SWIFT_COMPILATION_MODE = wholemodule;
				SWIFT_OPTIMIZATION_LEVEL = "-O";
				VALIDATE_PRODUCT = YES;
			};
			name = Release;
		};
		1F08261823C3CB9000E9FBAC /* Debug */ = {
			isa = XCBuildConfiguration;
			baseConfigurationReference = 579BB8F2F7E2A9FC36BD2D4C /* Pods-movie_app.debug.xcconfig */;
			buildSettings = {
				ASSETCATALOG_COMPILER_APPICON_NAME = AppIcon;
				CODE_SIGN_STYLE = Automatic;
				DEVELOPMENT_TEAM = 27L9T4JU4D;
				FRAMEWORK_SEARCH_PATHS = (
					"$(inherited)",
					"\"${PODS_CONFIGURATION_BUILD_DIR}/Alamofire\"",
					"\"${PODS_CONFIGURATION_BUILD_DIR}/SDWebImage\"",
					"\"${PODS_CONFIGURATION_BUILD_DIR}/lottie-ios\"",
					"$(SRCROOT)/**",
				);
				INFOPLIST_FILE = movie_app/Info.plist;
				LD_RUNPATH_SEARCH_PATHS = (
					"$(inherited)",
					"@executable_path/Frameworks",
				);
				PRODUCT_BUNDLE_IDENTIFIER = "com.MarcelaTozzato.movie-app";
				PRODUCT_NAME = Movs;
				SWIFT_VERSION = 5.0;
				TARGETED_DEVICE_FAMILY = "1,2";
			};
			name = Debug;
		};
		1F08261923C3CB9000E9FBAC /* Release */ = {
			isa = XCBuildConfiguration;
			baseConfigurationReference = C352CEA1ED19DAAC78E466AC /* Pods-movie_app.release.xcconfig */;
			buildSettings = {
				ASSETCATALOG_COMPILER_APPICON_NAME = AppIcon;
				CODE_SIGN_STYLE = Automatic;
				DEVELOPMENT_TEAM = 27L9T4JU4D;
				FRAMEWORK_SEARCH_PATHS = (
					"$(inherited)",
					"\"${PODS_CONFIGURATION_BUILD_DIR}/Alamofire\"",
					"\"${PODS_CONFIGURATION_BUILD_DIR}/SDWebImage\"",
					"\"${PODS_CONFIGURATION_BUILD_DIR}/lottie-ios\"",
					"$(SRCROOT)/**",
				);
				INFOPLIST_FILE = movie_app/Info.plist;
				LD_RUNPATH_SEARCH_PATHS = (
					"$(inherited)",
					"@executable_path/Frameworks",
				);
				PRODUCT_BUNDLE_IDENTIFIER = "com.MarcelaTozzato.movie-app";
				PRODUCT_NAME = Movs;
				SWIFT_VERSION = 5.0;
				TARGETED_DEVICE_FAMILY = "1,2";
			};
			name = Release;
		};
		1F08261E23C3CB9000E9FBAC /* Debug */ = {
			isa = XCBuildConfiguration;
			baseConfigurationReference = 6BEB573FBDB0A88C722BE4DA /* Pods-movie_app-movie_appUITests.debug.xcconfig */;
			buildSettings = {
				ALWAYS_EMBED_SWIFT_STANDARD_LIBRARIES = YES;
				CODE_SIGN_STYLE = Automatic;
				DEVELOPMENT_TEAM = 27L9T4JU4D;
				INFOPLIST_FILE = movie_appUITests/Info.plist;
				LD_RUNPATH_SEARCH_PATHS = (
					"$(inherited)",
					"@executable_path/Frameworks",
					"@loader_path/Frameworks",
				);
				PRODUCT_BUNDLE_IDENTIFIER = "com.MarcelaTozzato.movie-appUITests";
				PRODUCT_NAME = "$(TARGET_NAME)";
				SWIFT_VERSION = 5.0;
				TARGETED_DEVICE_FAMILY = "1,2";
				TEST_TARGET_NAME = movie_app;
			};
			name = Debug;
		};
		1F08261F23C3CB9000E9FBAC /* Release */ = {
			isa = XCBuildConfiguration;
			baseConfigurationReference = 3E680F469A9597288740D87D /* Pods-movie_app-movie_appUITests.release.xcconfig */;
			buildSettings = {
				ALWAYS_EMBED_SWIFT_STANDARD_LIBRARIES = YES;
				CODE_SIGN_STYLE = Automatic;
				DEVELOPMENT_TEAM = 27L9T4JU4D;
				INFOPLIST_FILE = movie_appUITests/Info.plist;
				LD_RUNPATH_SEARCH_PATHS = (
					"$(inherited)",
					"@executable_path/Frameworks",
					"@loader_path/Frameworks",
				);
				PRODUCT_BUNDLE_IDENTIFIER = "com.MarcelaTozzato.movie-appUITests";
				PRODUCT_NAME = "$(TARGET_NAME)";
				SWIFT_VERSION = 5.0;
				TARGETED_DEVICE_FAMILY = "1,2";
				TEST_TARGET_NAME = movie_app;
			};
			name = Release;
		};
		1F194A0F23CD5391001A9038 /* Debug */ = {
			isa = XCBuildConfiguration;
			buildSettings = {
				BUNDLE_LOADER = "$(TEST_HOST)";
				CODE_SIGN_STYLE = Automatic;
				DEVELOPMENT_TEAM = 27L9T4JU4D;
				INFOPLIST_FILE = movie_appTests/Info.plist;
				LD_RUNPATH_SEARCH_PATHS = (
					"$(inherited)",
					"@executable_path/Frameworks",
					"@loader_path/Frameworks",
				);
				PRODUCT_BUNDLE_IDENTIFIER = "com.MarcelaTozzato.movie-appTests";
				PRODUCT_NAME = "$(TARGET_NAME)";
				SWIFT_VERSION = 5.0;
				TARGETED_DEVICE_FAMILY = "1,2";
				TEST_HOST = "$(BUILT_PRODUCTS_DIR)/Movs.app/Movs";
			};
			name = Debug;
		};
		1F194A1023CD5391001A9038 /* Release */ = {
			isa = XCBuildConfiguration;
			buildSettings = {
				BUNDLE_LOADER = "$(TEST_HOST)";
				CODE_SIGN_STYLE = Automatic;
				DEVELOPMENT_TEAM = 27L9T4JU4D;
				INFOPLIST_FILE = movie_appTests/Info.plist;
				LD_RUNPATH_SEARCH_PATHS = (
					"$(inherited)",
					"@executable_path/Frameworks",
					"@loader_path/Frameworks",
				);
				PRODUCT_BUNDLE_IDENTIFIER = "com.MarcelaTozzato.movie-appTests";
				PRODUCT_NAME = "$(TARGET_NAME)";
				SWIFT_VERSION = 5.0;
				TARGETED_DEVICE_FAMILY = "1,2";
				TEST_HOST = "$(BUILT_PRODUCTS_DIR)/Movs.app/Movs";
			};
			name = Release;
		};
/* End XCBuildConfiguration section */

/* Begin XCConfigurationList section */
		1F0825E523C3CB8F00E9FBAC /* Build configuration list for PBXProject "movie_app" */ = {
			isa = XCConfigurationList;
			buildConfigurations = (
				1F08261523C3CB9000E9FBAC /* Debug */,
				1F08261623C3CB9000E9FBAC /* Release */,
			);
			defaultConfigurationIsVisible = 0;
			defaultConfigurationName = Release;
		};
		1F08261723C3CB9000E9FBAC /* Build configuration list for PBXNativeTarget "movie_app" */ = {
			isa = XCConfigurationList;
			buildConfigurations = (
				1F08261823C3CB9000E9FBAC /* Debug */,
				1F08261923C3CB9000E9FBAC /* Release */,
			);
			defaultConfigurationIsVisible = 0;
			defaultConfigurationName = Release;
		};
		1F08261D23C3CB9000E9FBAC /* Build configuration list for PBXNativeTarget "movie_appUITests" */ = {
			isa = XCConfigurationList;
			buildConfigurations = (
				1F08261E23C3CB9000E9FBAC /* Debug */,
				1F08261F23C3CB9000E9FBAC /* Release */,
			);
			defaultConfigurationIsVisible = 0;
			defaultConfigurationName = Release;
		};
		1F194A0E23CD5391001A9038 /* Build configuration list for PBXNativeTarget "movie_appTests" */ = {
			isa = XCConfigurationList;
			buildConfigurations = (
				1F194A0F23CD5391001A9038 /* Debug */,
				1F194A1023CD5391001A9038 /* Release */,
			);
			defaultConfigurationIsVisible = 0;
			defaultConfigurationName = Release;
		};
/* End XCConfigurationList section */

/* Begin XCVersionGroup section */
		1F0825F623C3CB9000E9FBAC /* movie_app.xcdatamodeld */ = {
			isa = XCVersionGroup;
			children = (
				1F0825F723C3CB9000E9FBAC /* movie_app.xcdatamodel */,
			);
			currentVersion = 1F0825F723C3CB9000E9FBAC /* movie_app.xcdatamodel */;
			path = movie_app.xcdatamodeld;
			sourceTree = "<group>";
			versionGroupType = wrapper.xcdatamodel;
		};
/* End XCVersionGroup section */
	};
	rootObject = 1F0825E223C3CB8F00E9FBAC /* Project object */;
}
